// !$*UTF8*$!
{
	archiveVersion = 1;
	classes = {
	};
	objectVersion = 46;
	objects = {

/* Begin PBXBuildFile section */
		C922AB0E1CC83354002F2BF1 /* main.m in Sources */ = {isa = PBXBuildFile; fileRef = C922AB0D1CC83354002F2BF1 /* main.m */; };
		C922AB111CC83354002F2BF1 /* AppDelegate.m in Sources */ = {isa = PBXBuildFile; fileRef = C922AB101CC83354002F2BF1 /* AppDelegate.m */; };
		C922AB141CC83354002F2BF1 /* ViewController.m in Sources */ = {isa = PBXBuildFile; fileRef = C922AB131CC83354002F2BF1 /* ViewController.m */; };
		C922AB171CC83354002F2BF1 /* Main.storyboard in Resources */ = {isa = PBXBuildFile; fileRef = C922AB151CC83354002F2BF1 /* Main.storyboard */; };
		C922AB191CC83354002F2BF1 /* Images.xcassets in Resources */ = {isa = PBXBuildFile; fileRef = C922AB181CC83354002F2BF1 /* Images.xcassets */; };
		C922AB1C1CC83354002F2BF1 /* LaunchScreen.xib in Resources */ = {isa = PBXBuildFile; fileRef = C922AB1A1CC83354002F2BF1 /* LaunchScreen.xib */; };
		C922AB281CC83354002F2BF1 /* lab1Tests.m in Sources */ = {isa = PBXBuildFile; fileRef = C922AB271CC83354002F2BF1 /* lab1Tests.m */; };
		C9C17BCA1CC8431100851568 /* PlayersViewControllerTableViewController.swift in Sources */ = {isa = PBXBuildFile; fileRef = C9C17BC81CC8431100851568 /* PlayersViewControllerTableViewController.swift */; };
		C9C17BCB1CC8431100851568 /* PlayersViewControllerTableViewController.xib in Resources */ = {isa = PBXBuildFile; fileRef = C9C17BC91CC8431100851568 /* PlayersViewControllerTableViewController.xib */; };
		C9C17BCD1CC8440E00851568 /* Player.swift in Sources */ = {isa = PBXBuildFile; fileRef = C9C17BCC1CC8440E00851568 /* Player.swift */; };
		C9C17BCF1CC8450E00851568 /* SampleData.swift in Sources */ = {isa = PBXBuildFile; fileRef = C9C17BCE1CC8450E00851568 /* SampleData.swift */; };
/* End PBXBuildFile section */

/* Begin PBXContainerItemProxy section */
		C922AB221CC83354002F2BF1 /* PBXContainerItemProxy */ = {
			isa = PBXContainerItemProxy;
			containerPortal = C922AB001CC83354002F2BF1 /* Project object */;
			proxyType = 1;
			remoteGlobalIDString = C922AB071CC83354002F2BF1;
			remoteInfo = lab1;
		};
/* End PBXContainerItemProxy section */

/* Begin PBXFileReference section */
		C922AB081CC83354002F2BF1 /* lab1.app */ = {isa = PBXFileReference; explicitFileType = wrapper.application; includeInIndex = 0; path = lab1.app; sourceTree = BUILT_PRODUCTS_DIR; };
		C922AB0C1CC83354002F2BF1 /* Info.plist */ = {isa = PBXFileReference; lastKnownFileType = text.plist.xml; path = Info.plist; sourceTree = "<group>"; };
		C922AB0D1CC83354002F2BF1 /* main.m */ = {isa = PBXFileReference; lastKnownFileType = sourcecode.c.objc; path = main.m; sourceTree = "<group>"; };
		C922AB0F1CC83354002F2BF1 /* AppDelegate.h */ = {isa = PBXFileReference; lastKnownFileType = sourcecode.c.h; path = AppDelegate.h; sourceTree = "<group>"; };
		C922AB101CC83354002F2BF1 /* AppDelegate.m */ = {isa = PBXFileReference; lastKnownFileType = sourcecode.c.objc; path = AppDelegate.m; sourceTree = "<group>"; };
		C922AB121CC83354002F2BF1 /* ViewController.h */ = {isa = PBXFileReference; lastKnownFileType = sourcecode.c.h; path = ViewController.h; sourceTree = "<group>"; };
		C922AB131CC83354002F2BF1 /* ViewController.m */ = {isa = PBXFileReference; lastKnownFileType = sourcecode.c.objc; path = ViewController.m; sourceTree = "<group>"; };
		C922AB161CC83354002F2BF1 /* Base */ = {isa = PBXFileReference; lastKnownFileType = file.storyboard; name = Base; path = Base.lproj/Main.storyboard; sourceTree = "<group>"; };
		C922AB181CC83354002F2BF1 /* Images.xcassets */ = {isa = PBXFileReference; lastKnownFileType = folder.assetcatalog; path = Images.xcassets; sourceTree = "<group>"; };
		C922AB1B1CC83354002F2BF1 /* Base */ = {isa = PBXFileReference; lastKnownFileType = file.xib; name = Base; path = Base.lproj/LaunchScreen.xib; sourceTree = "<group>"; };
		C922AB211CC83354002F2BF1 /* lab1Tests.xctest */ = {isa = PBXFileReference; explicitFileType = wrapper.cfbundle; includeInIndex = 0; path = lab1Tests.xctest; sourceTree = BUILT_PRODUCTS_DIR; };
		C922AB261CC83354002F2BF1 /* Info.plist */ = {isa = PBXFileReference; lastKnownFileType = text.plist.xml; path = Info.plist; sourceTree = "<group>"; };
		C922AB271CC83354002F2BF1 /* lab1Tests.m */ = {isa = PBXFileReference; lastKnownFileType = sourcecode.c.objc; path = lab1Tests.m; sourceTree = "<group>"; };
		C9C17BC71CC8431100851568 /* lab1-Bridging-Header.h */ = {isa = PBXFileReference; lastKnownFileType = sourcecode.c.h; path = "lab1-Bridging-Header.h"; sourceTree = "<group>"; };
		C9C17BC81CC8431100851568 /* PlayersViewControllerTableViewController.swift */ = {isa = PBXFileReference; fileEncoding = 4; lastKnownFileType = sourcecode.swift; path = PlayersViewControllerTableViewController.swift; sourceTree = "<group>"; };
		C9C17BC91CC8431100851568 /* PlayersViewControllerTableViewController.xib */ = {isa = PBXFileReference; fileEncoding = 4; lastKnownFileType = file.xib; path = PlayersViewControllerTableViewController.xib; sourceTree = "<group>"; };
		C9C17BCC1CC8440E00851568 /* Player.swift */ = {isa = PBXFileReference; fileEncoding = 4; lastKnownFileType = sourcecode.swift; path = Player.swift; sourceTree = "<group>"; };
		C9C17BCE1CC8450E00851568 /* SampleData.swift */ = {isa = PBXFileReference; fileEncoding = 4; lastKnownFileType = sourcecode.swift; path = SampleData.swift; sourceTree = "<group>"; };
/* End PBXFileReference section */

/* Begin PBXFrameworksBuildPhase section */
		C922AB051CC83354002F2BF1 /* Frameworks */ = {
			isa = PBXFrameworksBuildPhase;
			buildActionMask = 2147483647;
			files = (
			);
			runOnlyForDeploymentPostprocessing = 0;
		};
		C922AB1E1CC83354002F2BF1 /* Frameworks */ = {
			isa = PBXFrameworksBuildPhase;
			buildActionMask = 2147483647;
			files = (
			);
			runOnlyForDeploymentPostprocessing = 0;
		};
/* End PBXFrameworksBuildPhase section */

/* Begin PBXGroup section */
		C922AAFF1CC83354002F2BF1 = {
			isa = PBXGroup;
			children = (
				C922AB0A1CC83354002F2BF1 /* lab1 */,
				C922AB241CC83354002F2BF1 /* lab1Tests */,
				C922AB091CC83354002F2BF1 /* Products */,
				C9C17BC71CC8431100851568 /* lab1-Bridging-Header.h */,
			);
			sourceTree = "<group>";
		};
		C922AB091CC83354002F2BF1 /* Products */ = {
			isa = PBXGroup;
			children = (
				C922AB081CC83354002F2BF1 /* lab1.app */,
				C922AB211CC83354002F2BF1 /* lab1Tests.xctest */,
			);
			name = Products;
			sourceTree = "<group>";
		};
		C922AB0A1CC83354002F2BF1 /* lab1 */ = {
			isa = PBXGroup;
			children = (
				C922AB0F1CC83354002F2BF1 /* AppDelegate.h */,
				C9C17BC81CC8431100851568 /* PlayersViewControllerTableViewController.swift */,
				C9C17BC91CC8431100851568 /* PlayersViewControllerTableViewController.xib */,
				C922AB101CC83354002F2BF1 /* AppDelegate.m */,
				C922AB121CC83354002F2BF1 /* ViewController.h */,
				C922AB131CC83354002F2BF1 /* ViewController.m */,
				C922AB151CC83354002F2BF1 /* Main.storyboard */,
				C9C17BCC1CC8440E00851568 /* Player.swift */,
				C9C17BCE1CC8450E00851568 /* SampleData.swift */,
				C922AB181CC83354002F2BF1 /* Images.xcassets */,
				C922AB1A1CC83354002F2BF1 /* LaunchScreen.xib */,
				C922AB0B1CC83354002F2BF1 /* Supporting Files */,
			);
			path = lab1;
			sourceTree = "<group>";
		};
		C922AB0B1CC83354002F2BF1 /* Supporting Files */ = {
			isa = PBXGroup;
			children = (
				C922AB0C1CC83354002F2BF1 /* Info.plist */,
				C922AB0D1CC83354002F2BF1 /* main.m */,
			);
			name = "Supporting Files";
			sourceTree = "<group>";
		};
		C922AB241CC83354002F2BF1 /* lab1Tests */ = {
			isa = PBXGroup;
			children = (
				C922AB271CC83354002F2BF1 /* lab1Tests.m */,
				C922AB251CC83354002F2BF1 /* Supporting Files */,
			);
			path = lab1Tests;
			sourceTree = "<group>";
		};
		C922AB251CC83354002F2BF1 /* Supporting Files */ = {
			isa = PBXGroup;
			children = (
				C922AB261CC83354002F2BF1 /* Info.plist */,
			);
			name = "Supporting Files";
			sourceTree = "<group>";
		};
/* End PBXGroup section */

/* Begin PBXNativeTarget section */
		C922AB071CC83354002F2BF1 /* lab1 */ = {
			isa = PBXNativeTarget;
			buildConfigurationList = C922AB2B1CC83354002F2BF1 /* Build configuration list for PBXNativeTarget "lab1" */;
			buildPhases = (
				C922AB041CC83354002F2BF1 /* Sources */,
				C922AB051CC83354002F2BF1 /* Frameworks */,
				C922AB061CC83354002F2BF1 /* Resources */,
			);
			buildRules = (
			);
			dependencies = (
			);
			name = lab1;
			productName = lab1;
			productReference = C922AB081CC83354002F2BF1 /* lab1.app */;
			productType = "com.apple.product-type.application";
		};
		C922AB201CC83354002F2BF1 /* lab1Tests */ = {
			isa = PBXNativeTarget;
			buildConfigurationList = C922AB2E1CC83354002F2BF1 /* Build configuration list for PBXNativeTarget "lab1Tests" */;
			buildPhases = (
				C922AB1D1CC83354002F2BF1 /* Sources */,
				C922AB1E1CC83354002F2BF1 /* Frameworks */,
				C922AB1F1CC83354002F2BF1 /* Resources */,
			);
			buildRules = (
			);
			dependencies = (
				C922AB231CC83354002F2BF1 /* PBXTargetDependency */,
			);
			name = lab1Tests;
			productName = lab1Tests;
			productReference = C922AB211CC83354002F2BF1 /* lab1Tests.xctest */;
			productType = "com.apple.product-type.bundle.unit-test";
		};
/* End PBXNativeTarget section */

/* Begin PBXProject section */
		C922AB001CC83354002F2BF1 /* Project object */ = {
			isa = PBXProject;
			attributes = {
				LastUpgradeCheck = 0620;
				ORGANIZATIONNAME = "Allan Martinez";
				TargetAttributes = {
					C922AB071CC83354002F2BF1 = {
						CreatedOnToolsVersion = 6.2;
					};
					C922AB201CC83354002F2BF1 = {
						CreatedOnToolsVersion = 6.2;
						TestTargetID = C922AB071CC83354002F2BF1;
					};
				};
			};
			buildConfigurationList = C922AB031CC83354002F2BF1 /* Build configuration list for PBXProject "lab1" */;
			compatibilityVersion = "Xcode 3.2";
			developmentRegion = English;
			hasScannedForEncodings = 0;
			knownRegions = (
				en,
				Base,
			);
			mainGroup = C922AAFF1CC83354002F2BF1;
			productRefGroup = C922AB091CC83354002F2BF1 /* Products */;
			projectDirPath = "";
			projectRoot = "";
			targets = (
				C922AB071CC83354002F2BF1 /* lab1 */,
				C922AB201CC83354002F2BF1 /* lab1Tests */,
			);
		};
/* End PBXProject section */

/* Begin PBXResourcesBuildPhase section */
		C922AB061CC83354002F2BF1 /* Resources */ = {
			isa = PBXResourcesBuildPhase;
			buildActionMask = 2147483647;
			files = (
				C922AB171CC83354002F2BF1 /* Main.storyboard in Resources */,
				C922AB1C1CC83354002F2BF1 /* LaunchScreen.xib in Resources */,
				C922AB191CC83354002F2BF1 /* Images.xcassets in Resources */,
				C9C17BCB1CC8431100851568 /* PlayersViewControllerTableViewController.xib in Resources */,
			);
			runOnlyForDeploymentPostprocessing = 0;
		};
		C922AB1F1CC83354002F2BF1 /* Resources */ = {
			isa = PBXResourcesBuildPhase;
			buildActionMask = 2147483647;
			files = (
			);
			runOnlyForDeploymentPostprocessing = 0;
		};
/* End PBXResourcesBuildPhase section */

/* Begin PBXSourcesBuildPhase section */
		C922AB041CC83354002F2BF1 /* Sources */ = {
			isa = PBXSourcesBuildPhase;
			buildActionMask = 2147483647;
			files = (
				C922AB141CC83354002F2BF1 /* ViewController.m in Sources */,
				C9C17BCF1CC8450E00851568 /* SampleData.swift in Sources */,
				C922AB111CC83354002F2BF1 /* AppDelegate.m in Sources */,
				C922AB0E1CC83354002F2BF1 /* main.m in Sources */,
				C9C17BCD1CC8440E00851568 /* Player.swift in Sources */,
				C9C17BCA1CC8431100851568 /* PlayersViewControllerTableViewController.swift in Sources */,
			);
			runOnlyForDeploymentPostprocessing = 0;
		};
		C922AB1D1CC83354002F2BF1 /* Sources */ = {
			isa = PBXSourcesBuildPhase;
			buildActionMask = 2147483647;
			files = (
				C922AB281CC83354002F2BF1 /* lab1Tests.m in Sources */,
			);
			runOnlyForDeploymentPostprocessing = 0;
		};
/* End PBXSourcesBuildPhase section */

/* Begin PBXTargetDependency section */
		C922AB231CC83354002F2BF1 /* PBXTargetDependency */ = {
			isa = PBXTargetDependency;
			target = C922AB071CC83354002F2BF1 /* lab1 */;
			targetProxy = C922AB221CC83354002F2BF1 /* PBXContainerItemProxy */;
		};
/* End PBXTargetDependency section */

/* Begin PBXVariantGroup section */
		C922AB151CC83354002F2BF1 /* Main.storyboard */ = {
			isa = PBXVariantGroup;
			children = (
				C922AB161CC83354002F2BF1 /* Base */,
			);
			name = Main.storyboard;
			sourceTree = "<group>";
		};
		C922AB1A1CC83354002F2BF1 /* LaunchScreen.xib */ = {
			isa = PBXVariantGroup;
			children = (
				C922AB1B1CC83354002F2BF1 /* Base */,
			);
			name = LaunchScreen.xib;
			sourceTree = "<group>";
		};
/* End PBXVariantGroup section */

/* Begin XCBuildConfiguration section */
		C922AB291CC83354002F2BF1 /* Debug */ = {
			isa = XCBuildConfiguration;
			buildSettings = {
				ALWAYS_SEARCH_USER_PATHS = NO;
				CLANG_CXX_LANGUAGE_STANDARD = "gnu++0x";
				CLANG_CXX_LIBRARY = "libc++";
				CLANG_ENABLE_MODULES = YES;
				CLANG_ENABLE_OBJC_ARC = YES;
				CLANG_WARN_BOOL_CONVERSION = YES;
				CLANG_WARN_CONSTANT_CONVERSION = YES;
				CLANG_WARN_DIRECT_OBJC_ISA_USAGE = YES_ERROR;
				CLANG_WARN_EMPTY_BODY = YES;
				CLANG_WARN_ENUM_CONVERSION = YES;
				CLANG_WARN_INT_CONVERSION = YES;
				CLANG_WARN_OBJC_ROOT_CLASS = YES_ERROR;
				CLANG_WARN_UNREACHABLE_CODE = YES;
				CLANG_WARN__DUPLICATE_METHOD_MATCH = YES;
				"CODE_SIGN_IDENTITY[sdk=iphoneos*]" = "iPhone Developer";
				COPY_PHASE_STRIP = NO;
				ENABLE_STRICT_OBJC_MSGSEND = YES;
				GCC_C_LANGUAGE_STANDARD = gnu99;
				GCC_DYNAMIC_NO_PIC = NO;
				GCC_OPTIMIZATION_LEVEL = 0;
				GCC_PREPROCESSOR_DEFINITIONS = (
					"DEBUG=1",
					"$(inherited)",
				);
				GCC_SYMBOLS_PRIVATE_EXTERN = NO;
				GCC_WARN_64_TO_32_BIT_CONVERSION = YES;
				GCC_WARN_ABOUT_RETURN_TYPE = YES_ERROR;
				GCC_WARN_UNDECLARED_SELECTOR = YES;
				GCC_WARN_UNINITIALIZED_AUTOS = YES_AGGRESSIVE;
				GCC_WARN_UNUSED_FUNCTION = YES;
				GCC_WARN_UNUSED_VARIABLE = YES;
				IPHONEOS_DEPLOYMENT_TARGET = 8.2;
				MTL_ENABLE_DEBUG_INFO = YES;
				ONLY_ACTIVE_ARCH = YES;
				SDKROOT = iphoneos;
				TARGETED_DEVICE_FAMILY = "1,2";
			};
			name = Debug;
		};
		C922AB2A1CC83354002F2BF1 /* Release */ = {
			isa = XCBuildConfiguration;
			buildSettings = {
				ALWAYS_SEARCH_USER_PATHS = NO;
				CLANG_CXX_LANGUAGE_STANDARD = "gnu++0x";
				CLANG_CXX_LIBRARY = "libc++";
				CLANG_ENABLE_MODULES = YES;
				CLANG_ENABLE_OBJC_ARC = YES;
				CLANG_WARN_BOOL_CONVERSION = YES;
				CLANG_WARN_CONSTANT_CONVERSION = YES;
				CLANG_WARN_DIRECT_OBJC_ISA_USAGE = YES_ERROR;
				CLANG_WARN_EMPTY_BODY = YES;
				CLANG_WARN_ENUM_CONVERSION = YES;
				CLANG_WARN_INT_CONVERSION = YES;
				CLANG_WARN_OBJC_ROOT_CLASS = YES_ERROR;
				CLANG_WARN_UNREACHABLE_CODE = YES;
				CLANG_WARN__DUPLICATE_METHOD_MATCH = YES;
				"CODE_SIGN_IDENTITY[sdk=iphoneos*]" = "iPhone Developer";
				COPY_PHASE_STRIP = NO;
				ENABLE_NS_ASSERTIONS = NO;
				ENABLE_STRICT_OBJC_MSGSEND = YES;
				GCC_C_LANGUAGE_STANDARD = gnu99;
				GCC_WARN_64_TO_32_BIT_CONVERSION = YES;
				GCC_WARN_ABOUT_RETURN_TYPE = YES_ERROR;
				GCC_WARN_UNDECLARED_SELECTOR = YES;
				GCC_WARN_UNINITIALIZED_AUTOS = YES_AGGRESSIVE;
				GCC_WARN_UNUSED_FUNCTION = YES;
				GCC_WARN_UNUSED_VARIABLE = YES;
				IPHONEOS_DEPLOYMENT_TARGET = 8.2;
				MTL_ENABLE_DEBUG_INFO = NO;
				SDKROOT = iphoneos;
				TARGETED_DEVICE_FAMILY = "1,2";
				VALIDATE_PRODUCT = YES;
			};
			name = Release;
		};
		C922AB2C1CC83354002F2BF1 /* Debug */ = {
			isa = XCBuildConfiguration;
			buildSettings = {
				ASSETCATALOG_COMPILER_APPICON_NAME = AppIcon;
				CLANG_ENABLE_MODULES = YES;
				INFOPLIST_FILE = lab1/Info.plist;
				LD_RUNPATH_SEARCH_PATHS = "$(inherited) @executable_path/Frameworks";
				PRODUCT_NAME = "$(TARGET_NAME)";
				SWIFT_OBJC_BRIDGING_HEADER = "lab1-Bridging-Header.h";
				SWIFT_OPTIMIZATION_LEVEL = "-Onone";
			};
			name = Debug;
		};
		C922AB2D1CC83354002F2BF1 /* Release */ = {
			isa = XCBuildConfiguration;
			buildSettings = {
				ASSETCATALOG_COMPILER_APPICON_NAME = AppIcon;
				CLANG_ENABLE_MODULES = YES;
				INFOPLIST_FILE = lab1/Info.plist;
				LD_RUNPATH_SEARCH_PATHS = "$(inherited) @executable_path/Frameworks";
				PRODUCT_NAME = "$(TARGET_NAME)";
				SWIFT_OBJC_BRIDGING_HEADER = "lab1-Bridging-Header.h";
			};
			name = Release;
		};
		C922AB2F1CC83354002F2BF1 /* Debug */ = {
			isa = XCBuildConfiguration;
			buildSettings = {
				BUNDLE_LOADER = "$(TEST_HOST)";
				FRAMEWORK_SEARCH_PATHS = (
					"$(SDKROOT)/Developer/Library/Frameworks",
					"$(inherited)",
				);
				GCC_PREPROCESSOR_DEFINITIONS = (
					"DEBUG=1",
					"$(inherited)",
				);
				INFOPLIST_FILE = lab1Tests/Info.plist;
				LD_RUNPATH_SEARCH_PATHS = "$(inherited) @executable_path/Frameworks @loader_path/Frameworks";
				PRODUCT_NAME = "$(TARGET_NAME)";
				TEST_HOST = "$(BUILT_PRODUCTS_DIR)/lab1.app/lab1";
			};
			name = Debug;
		};
		C922AB301CC83354002F2BF1 /* Release */ = {
			isa = XCBuildConfiguration;
			buildSettings = {
				BUNDLE_LOADER = "$(TEST_HOST)";
				FRAMEWORK_SEARCH_PATHS = (
					"$(SDKROOT)/Developer/Library/Frameworks",
					"$(inherited)",
				);
				INFOPLIST_FILE = lab1Tests/Info.plist;
				LD_RUNPATH_SEARCH_PATHS = "$(inherited) @executable_path/Frameworks @loader_path/Frameworks";
				PRODUCT_NAME = "$(TARGET_NAME)";
				TEST_HOST = "$(BUILT_PRODUCTS_DIR)/lab1.app/lab1";
			};
			name = Release;
		};
/* End XCBuildConfiguration section */

/* Begin XCConfigurationList section */
		C922AB031CC83354002F2BF1 /* Build configuration list for PBXProject "lab1" */ = {
			isa = XCConfigurationList;
			buildConfigurations = (
				C922AB291CC83354002F2BF1 /* Debug */,
				C922AB2A1CC83354002F2BF1 /* Release */,
			);
			defaultConfigurationIsVisible = 0;
			defaultConfigurationName = Release;
		};
		C922AB2B1CC83354002F2BF1 /* Build configuration list for PBXNativeTarget "lab1" */ = {
			isa = XCConfigurationList;
			buildConfigurations = (
				C922AB2C1CC83354002F2BF1 /* Debug */,
				C922AB2D1CC83354002F2BF1 /* Release */,
			);
			defaultConfigurationIsVisible = 0;
			defaultConfigurationName = Release;
		};
		C922AB2E1CC83354002F2BF1 /* Build configuration list for PBXNativeTarget "lab1Tests" */ = {
			isa = XCConfigurationList;
			buildConfigurations = (
				C922AB2F1CC83354002F2BF1 /* Debug */,
				C922AB301CC83354002F2BF1 /* Release */,
			);
			defaultConfigurationIsVisible = 0;
			defaultConfigurationName = Release;
		};
/* End XCConfigurationList section */
	};
	rootObject = C922AB001CC83354002F2BF1 /* Project object */;
}
